// !$*UTF8*$!
{
	archiveVersion = 1;
	classes = {
	};
	objectVersion = 52;
	objects = {

/* Begin PBXBuildFile section */
		0C42CD3C89FA0E0B16863A2E /* libPods-iCityWeather.a in Frameworks */ = {isa = PBXBuildFile; fileRef = F9940EECC6054AF99EBD36DF /* libPods-iCityWeather.a */; };
		AA2C5FF0269979CB00B172A6 /* LocationManager.swift in Sources */ = {isa = PBXBuildFile; fileRef = AA2C5FEF269979CB00B172A6 /* LocationManager.swift */; };
		AA2C600F269986E600B172A6 /* TestView.swift in Sources */ = {isa = PBXBuildFile; fileRef = AA2C600E269986E600B172A6 /* TestView.swift */; };
		AA2C60132699AD5A00B172A6 /* view.swift in Sources */ = {isa = PBXBuildFile; fileRef = AA2C60122699AD5A00B172A6 /* view.swift */; };
		AA2C601D2699C87900B172A6 /* WeatherCityDataModel.swift in Sources */ = {isa = PBXBuildFile; fileRef = AA2C601C2699C87900B172A6 /* WeatherCityDataModel.swift */; };
		AA2C601F2699C89C00B172A6 /* WeatherLocationDataModel.swift in Sources */ = {isa = PBXBuildFile; fileRef = AA2C601E2699C89C00B172A6 /* WeatherLocationDataModel.swift */; };
		AA2C60212699C99E00B172A6 /* CombineDataModel.swift in Sources */ = {isa = PBXBuildFile; fileRef = AA2C60202699C99E00B172A6 /* CombineDataModel.swift */; };
		AA2C60232699DB4000B172A6 /* DataService.swift in Sources */ = {isa = PBXBuildFile; fileRef = AA2C60222699DB4000B172A6 /* DataService.swift */; };
		AA2C60252699EB1500B172A6 /* MultiPicker.swift in Sources */ = {isa = PBXBuildFile; fileRef = AA2C60242699EB1500B172A6 /* MultiPicker.swift */; };
		AA96667926987942003179A4 /* iCityWeatherApp.swift in Sources */ = {isa = PBXBuildFile; fileRef = AA96667826987942003179A4 /* iCityWeatherApp.swift */; };
		AA96667B26987942003179A4 /* ContentView.swift in Sources */ = {isa = PBXBuildFile; fileRef = AA96667A26987942003179A4 /* ContentView.swift */; };
		AA96667D26987945003179A4 /* Assets.xcassets in Resources */ = {isa = PBXBuildFile; fileRef = AA96667C26987945003179A4 /* Assets.xcassets */; };
		AA96668026987945003179A4 /* Preview Assets.xcassets in Resources */ = {isa = PBXBuildFile; fileRef = AA96667F26987945003179A4 /* Preview Assets.xcassets */; };
		AA96668B26987989003179A4 /* Alamofire in Frameworks */ = {isa = PBXBuildFile; productRef = AA96668A26987989003179A4 /* Alamofire */; };
		AA96668D2698799E003179A4 /* CityListViewModel.swift in Sources */ = {isa = PBXBuildFile; fileRef = AA96668C2698799E003179A4 /* CityListViewModel.swift */; };
		AA96668F269879A8003179A4 /* CityListModel.swift in Sources */ = {isa = PBXBuildFile; fileRef = AA96668E269879A8003179A4 /* CityListModel.swift */; };
		AA966692269879E0003179A4 /* CityListView.swift in Sources */ = {isa = PBXBuildFile; fileRef = AA966691269879E0003179A4 /* CityListView.swift */; };
		AA96669426988554003179A4 /* WeatherViewModel.swift in Sources */ = {isa = PBXBuildFile; fileRef = AA96669326988554003179A4 /* WeatherViewModel.swift */; };
		AA966696269886A9003179A4 /* WeatherView.swift in Sources */ = {isa = PBXBuildFile; fileRef = AA966695269886A9003179A4 /* WeatherView.swift */; };
		AAD6B5D4269D5AC400EAC085 /* Accelerate.framework in Frameworks */ = {isa = PBXBuildFile; fileRef = AAD6B5C7269D5AC400EAC085 /* Accelerate.framework */; };
		AAD6B5D5269D5AC400EAC085 /* CoreText.framework in Frameworks */ = {isa = PBXBuildFile; fileRef = AAD6B5C8269D5AC400EAC085 /* CoreText.framework */; };
		AAD6B5D6269D5AC400EAC085 /* CoreMedia.framework in Frameworks */ = {isa = PBXBuildFile; fileRef = AAD6B5C9269D5AC400EAC085 /* CoreMedia.framework */; };
		AAD6B5D7269D5AC400EAC085 /* AdSupport.framework in Frameworks */ = {isa = PBXBuildFile; fileRef = AAD6B5CA269D5AC400EAC085 /* AdSupport.framework */; };
		AAD6B5D8269D5AC400EAC085 /* CoreTelephony.framework in Frameworks */ = {isa = PBXBuildFile; fileRef = AAD6B5CB269D5AC400EAC085 /* CoreTelephony.framework */; };
		AAD6B5D9269D5AC400EAC085 /* AudioToolbox.framework in Frameworks */ = {isa = PBXBuildFile; fileRef = AAD6B5CC269D5AC400EAC085 /* AudioToolbox.framework */; };
		AAD6B5DA269D5AC400EAC085 /* ImageIO.framework in Frameworks */ = {isa = PBXBuildFile; fileRef = AAD6B5CD269D5AC400EAC085 /* ImageIO.framework */; };
		AAD6B5DB269D5AC400EAC085 /* JavaScriptCore.framework in Frameworks */ = {isa = PBXBuildFile; fileRef = AAD6B5CE269D5AC400EAC085 /* JavaScriptCore.framework */; };
		AAD6B5DC269D5AC400EAC085 /* AVFoundation.framework in Frameworks */ = {isa = PBXBuildFile; fileRef = AAD6B5CF269D5AC400EAC085 /* AVFoundation.framework */; };
		AAD6B5DD269D5AC400EAC085 /* CoreMotion.framework in Frameworks */ = {isa = PBXBuildFile; fileRef = AAD6B5D0269D5AC400EAC085 /* CoreMotion.framework */; };
		AAD6B5DE269D5AC400EAC085 /* CoreLocation.framework in Frameworks */ = {isa = PBXBuildFile; fileRef = AAD6B5D1269D5AC400EAC085 /* CoreLocation.framework */; };
		AAD6B5DF269D5AC400EAC085 /* CoreImage.framework in Frameworks */ = {isa = PBXBuildFile; fileRef = AAD6B5D2269D5AC400EAC085 /* CoreImage.framework */; };
		AAD6B5E0269D5AC500EAC085 /* CoreGraphics.framework in Frameworks */ = {isa = PBXBuildFile; fileRef = AAD6B5D3269D5AC400EAC085 /* CoreGraphics.framework */; };
		AAD6B5E2269D5B0600EAC085 /* MapKit.framework in Frameworks */ = {isa = PBXBuildFile; fileRef = AAD6B5E1269D5B0600EAC085 /* MapKit.framework */; };
		AAD6B5E4269D5B1100EAC085 /* MediaPlayer.framework in Frameworks */ = {isa = PBXBuildFile; fileRef = AAD6B5E3269D5B1100EAC085 /* MediaPlayer.framework */; };
		AAD6B5E6269D5B2200EAC085 /* MobileCoreServices.framework in Frameworks */ = {isa = PBXBuildFile; fileRef = AAD6B5E5269D5B2200EAC085 /* MobileCoreServices.framework */; };
		AAD6B5E8269D5B2C00EAC085 /* QuartzCore.framework in Frameworks */ = {isa = PBXBuildFile; fileRef = AAD6B5E7269D5B2C00EAC085 /* QuartzCore.framework */; };
		AAD6B5EA269D5B3700EAC085 /* Security.framework in Frameworks */ = {isa = PBXBuildFile; fileRef = AAD6B5E9269D5B3700EAC085 /* Security.framework */; };
		AAD6B5EC269D5B4100EAC085 /* StoreKit.framework in Frameworks */ = {isa = PBXBuildFile; fileRef = AAD6B5EB269D5B4100EAC085 /* StoreKit.framework */; };
		AAD6B5EE269D5B4D00EAC085 /* SystemConfiguration.framework in Frameworks */ = {isa = PBXBuildFile; fileRef = AAD6B5ED269D5B4D00EAC085 /* SystemConfiguration.framework */; };
		AAD6B5F0269D5B5400EAC085 /* UIKit.framework in Frameworks */ = {isa = PBXBuildFile; fileRef = AAD6B5EF269D5B5400EAC085 /* UIKit.framework */; };
		AAD6B5F2269D5B5B00EAC085 /* WebKit.framework in Frameworks */ = {isa = PBXBuildFile; fileRef = AAD6B5F1269D5B5B00EAC085 /* WebKit.framework */; };
		AAD6B5F4269D5B6400EAC085 /* libbz2.tbd in Frameworks */ = {isa = PBXBuildFile; fileRef = AAD6B5F3269D5B6400EAC085 /* libbz2.tbd */; };
		AAD6B5F6269D5B7900EAC085 /* libc++.tbd in Frameworks */ = {isa = PBXBuildFile; fileRef = AAD6B5F5269D5B7900EAC085 /* libc++.tbd */; };
		AAD6B5F8269D5B8800EAC085 /* libiconv.tbd in Frameworks */ = {isa = PBXBuildFile; fileRef = AAD6B5F7269D5B8800EAC085 /* libiconv.tbd */; };
		AAD6B5FA269D5B8F00EAC085 /* libresolv.9.tbd in Frameworks */ = {isa = PBXBuildFile; fileRef = AAD6B5F9269D5B8F00EAC085 /* libresolv.9.tbd */; };
		AAD6B5FC269D5B9800EAC085 /* libsqlite3.tbd in Frameworks */ = {isa = PBXBuildFile; fileRef = AAD6B5FB269D5B9800EAC085 /* libsqlite3.tbd */; };
		AAD6B5FE269D5BA200EAC085 /* libxml2.tbd in Frameworks */ = {isa = PBXBuildFile; fileRef = AAD6B5FD269D5BA200EAC085 /* libxml2.tbd */; };
		AAD6B600269D5BAB00EAC085 /* libz.tbd in Frameworks */ = {isa = PBXBuildFile; fileRef = AAD6B5FF269D5BAB00EAC085 /* libz.tbd */; };
		AAD6B602269D5BB300EAC085 /* libc++abi.tbd in Frameworks */ = {isa = PBXBuildFile; fileRef = AAD6B601269D5BB300EAC085 /* libc++abi.tbd */; };
		AAD6B605269D5C0500EAC085 /* Application.swift in Sources */ = {isa = PBXBuildFile; fileRef = AAD6B604269D5C0500EAC085 /* Application.swift */; };
		AAD6B607269D5C2A00EAC085 /* BannerAD.swift in Sources */ = {isa = PBXBuildFile; fileRef = AAD6B606269D5C2A00EAC085 /* BannerAD.swift */; };
		AAE70844269ABAE000DA4A1C /* CityListJSON.json in Resources */ = {isa = PBXBuildFile; fileRef = AAE70843269ABADF00DA4A1C /* CityListJSON.json */; };
		AAE70846269ABC7A00DA4A1C /* LoadJSONFile.swift in Sources */ = {isa = PBXBuildFile; fileRef = AAE70845269ABC7A00DA4A1C /* LoadJSONFile.swift */; };
		AAE70848269B15CD00DA4A1C /* BackgroundView.swift in Sources */ = {isa = PBXBuildFile; fileRef = AAE70847269B15CD00DA4A1C /* BackgroundView.swift */; };
		AAE89C7E269B6002009A73EE /* Lottie in Frameworks */ = {isa = PBXBuildFile; productRef = AAE89C7D269B6002009A73EE /* Lottie */; };
		AAE89C81269B6040009A73EE /* LottieView.swift in Sources */ = {isa = PBXBuildFile; fileRef = AAE89C80269B6040009A73EE /* LottieView.swift */; };
		AAE89C8B269B6078009A73EE /* shower.json in Resources */ = {isa = PBXBuildFile; fileRef = AAE89C82269B6077009A73EE /* shower.json */; };
		AAE89C8D269B6078009A73EE /* 63814-gradient-dots-background.json in Resources */ = {isa = PBXBuildFile; fileRef = AAE89C84269B6078009A73EE /* 63814-gradient-dots-background.json */; };
		AAE89C8E269B6078009A73EE /* storm.json in Resources */ = {isa = PBXBuildFile; fileRef = AAE89C85269B6078009A73EE /* storm.json */; };
		AAE89C8F269B6078009A73EE /* background.json in Resources */ = {isa = PBXBuildFile; fileRef = AAE89C86269B6078009A73EE /* background.json */; };
		AAE89C90269B6078009A73EE /* windy.json in Resources */ = {isa = PBXBuildFile; fileRef = AAE89C87269B6078009A73EE /* windy.json */; };
		AAE89C91269B6078009A73EE /* snow.json in Resources */ = {isa = PBXBuildFile; fileRef = AAE89C88269B6078009A73EE /* snow.json */; };
		AAE89C92269B6078009A73EE /* sunny.json in Resources */ = {isa = PBXBuildFile; fileRef = AAE89C89269B6078009A73EE /* sunny.json */; };
		AAE89C93269B6078009A73EE /* cloudy.json in Resources */ = {isa = PBXBuildFile; fileRef = AAE89C8A269B6078009A73EE /* cloudy.json */; };
		AAE89C95269B6112009A73EE /* smog.json in Resources */ = {isa = PBXBuildFile; fileRef = AAE89C94269B6112009A73EE /* smog.json */; };
		AAE89C97269B63A7009A73EE /* UINavigationBar.swift in Sources */ = {isa = PBXBuildFile; fileRef = AAE89C96269B63A7009A73EE /* UINavigationBar.swift */; };
		AAE89C99269B6999009A73EE /* back.json in Resources */ = {isa = PBXBuildFile; fileRef = AAE89C98269B6999009A73EE /* back.json */; };
/* End PBXBuildFile section */

/* Begin PBXFileReference section */
		3A4E5C94886ECB57FF85FC17 /* Pods-iCityWeather.debug.xcconfig */ = {isa = PBXFileReference; includeInIndex = 1; lastKnownFileType = text.xcconfig; name = "Pods-iCityWeather.debug.xcconfig"; path = "Target Support Files/Pods-iCityWeather/Pods-iCityWeather.debug.xcconfig"; sourceTree = "<group>"; };
		AA2C5FEF269979CB00B172A6 /* LocationManager.swift */ = {isa = PBXFileReference; lastKnownFileType = sourcecode.swift; path = LocationManager.swift; sourceTree = "<group>"; };
		AA2C600E269986E600B172A6 /* TestView.swift */ = {isa = PBXFileReference; lastKnownFileType = sourcecode.swift; path = TestView.swift; sourceTree = "<group>"; };
		AA2C60122699AD5A00B172A6 /* view.swift */ = {isa = PBXFileReference; lastKnownFileType = sourcecode.swift; path = view.swift; sourceTree = "<group>"; };
		AA2C601C2699C87900B172A6 /* WeatherCityDataModel.swift */ = {isa = PBXFileReference; lastKnownFileType = sourcecode.swift; path = WeatherCityDataModel.swift; sourceTree = "<group>"; };
		AA2C601E2699C89C00B172A6 /* WeatherLocationDataModel.swift */ = {isa = PBXFileReference; lastKnownFileType = sourcecode.swift; path = WeatherLocationDataModel.swift; sourceTree = "<group>"; };
		AA2C60202699C99E00B172A6 /* CombineDataModel.swift */ = {isa = PBXFileReference; lastKnownFileType = sourcecode.swift; path = CombineDataModel.swift; sourceTree = "<group>"; };
		AA2C60222699DB4000B172A6 /* DataService.swift */ = {isa = PBXFileReference; lastKnownFileType = sourcecode.swift; path = DataService.swift; sourceTree = "<group>"; };
		AA2C60242699EB1500B172A6 /* MultiPicker.swift */ = {isa = PBXFileReference; lastKnownFileType = sourcecode.swift; path = MultiPicker.swift; sourceTree = "<group>"; };
		AA96667526987942003179A4 /* iCityWeather.app */ = {isa = PBXFileReference; explicitFileType = wrapper.application; includeInIndex = 0; path = iCityWeather.app; sourceTree = BUILT_PRODUCTS_DIR; };
		AA96667826987942003179A4 /* iCityWeatherApp.swift */ = {isa = PBXFileReference; lastKnownFileType = sourcecode.swift; path = iCityWeatherApp.swift; sourceTree = "<group>"; };
		AA96667A26987942003179A4 /* ContentView.swift */ = {isa = PBXFileReference; lastKnownFileType = sourcecode.swift; path = ContentView.swift; sourceTree = "<group>"; };
		AA96667C26987945003179A4 /* Assets.xcassets */ = {isa = PBXFileReference; lastKnownFileType = folder.assetcatalog; path = Assets.xcassets; sourceTree = "<group>"; };
		AA96667F26987945003179A4 /* Preview Assets.xcassets */ = {isa = PBXFileReference; lastKnownFileType = folder.assetcatalog; path = "Preview Assets.xcassets"; sourceTree = "<group>"; };
		AA96668126987945003179A4 /* Info.plist */ = {isa = PBXFileReference; lastKnownFileType = text.plist.xml; path = Info.plist; sourceTree = "<group>"; };
		AA96668C2698799E003179A4 /* CityListViewModel.swift */ = {isa = PBXFileReference; fileEncoding = 4; lastKnownFileType = sourcecode.swift; path = CityListViewModel.swift; sourceTree = "<group>"; };
		AA96668E269879A8003179A4 /* CityListModel.swift */ = {isa = PBXFileReference; fileEncoding = 4; lastKnownFileType = sourcecode.swift; path = CityListModel.swift; sourceTree = "<group>"; };
		AA966691269879E0003179A4 /* CityListView.swift */ = {isa = PBXFileReference; lastKnownFileType = sourcecode.swift; path = CityListView.swift; sourceTree = "<group>"; };
		AA96669326988554003179A4 /* WeatherViewModel.swift */ = {isa = PBXFileReference; lastKnownFileType = sourcecode.swift; path = WeatherViewModel.swift; sourceTree = "<group>"; };
		AA966695269886A9003179A4 /* WeatherView.swift */ = {isa = PBXFileReference; lastKnownFileType = sourcecode.swift; path = WeatherView.swift; sourceTree = "<group>"; };
		AAD6B5C7269D5AC400EAC085 /* Accelerate.framework */ = {isa = PBXFileReference; lastKnownFileType = wrapper.framework; name = Accelerate.framework; path = System/Library/Frameworks/Accelerate.framework; sourceTree = SDKROOT; };
		AAD6B5C8269D5AC400EAC085 /* CoreText.framework */ = {isa = PBXFileReference; lastKnownFileType = wrapper.framework; name = CoreText.framework; path = System/Library/Frameworks/CoreText.framework; sourceTree = SDKROOT; };
		AAD6B5C9269D5AC400EAC085 /* CoreMedia.framework */ = {isa = PBXFileReference; lastKnownFileType = wrapper.framework; name = CoreMedia.framework; path = System/Library/Frameworks/CoreMedia.framework; sourceTree = SDKROOT; };
		AAD6B5CA269D5AC400EAC085 /* AdSupport.framework */ = {isa = PBXFileReference; lastKnownFileType = wrapper.framework; name = AdSupport.framework; path = System/Library/Frameworks/AdSupport.framework; sourceTree = SDKROOT; };
		AAD6B5CB269D5AC400EAC085 /* CoreTelephony.framework */ = {isa = PBXFileReference; lastKnownFileType = wrapper.framework; name = CoreTelephony.framework; path = System/Library/Frameworks/CoreTelephony.framework; sourceTree = SDKROOT; };
		AAD6B5CC269D5AC400EAC085 /* AudioToolbox.framework */ = {isa = PBXFileReference; lastKnownFileType = wrapper.framework; name = AudioToolbox.framework; path = System/Library/Frameworks/AudioToolbox.framework; sourceTree = SDKROOT; };
		AAD6B5CD269D5AC400EAC085 /* ImageIO.framework */ = {isa = PBXFileReference; lastKnownFileType = wrapper.framework; name = ImageIO.framework; path = System/Library/Frameworks/ImageIO.framework; sourceTree = SDKROOT; };
		AAD6B5CE269D5AC400EAC085 /* JavaScriptCore.framework */ = {isa = PBXFileReference; lastKnownFileType = wrapper.framework; name = JavaScriptCore.framework; path = System/Library/Frameworks/JavaScriptCore.framework; sourceTree = SDKROOT; };
		AAD6B5CF269D5AC400EAC085 /* AVFoundation.framework */ = {isa = PBXFileReference; lastKnownFileType = wrapper.framework; name = AVFoundation.framework; path = System/Library/Frameworks/AVFoundation.framework; sourceTree = SDKROOT; };
		AAD6B5D0269D5AC400EAC085 /* CoreMotion.framework */ = {isa = PBXFileReference; lastKnownFileType = wrapper.framework; name = CoreMotion.framework; path = System/Library/Frameworks/CoreMotion.framework; sourceTree = SDKROOT; };
		AAD6B5D1269D5AC400EAC085 /* CoreLocation.framework */ = {isa = PBXFileReference; lastKnownFileType = wrapper.framework; name = CoreLocation.framework; path = System/Library/Frameworks/CoreLocation.framework; sourceTree = SDKROOT; };
		AAD6B5D2269D5AC400EAC085 /* CoreImage.framework */ = {isa = PBXFileReference; lastKnownFileType = wrapper.framework; name = CoreImage.framework; path = System/Library/Frameworks/CoreImage.framework; sourceTree = SDKROOT; };
		AAD6B5D3269D5AC400EAC085 /* CoreGraphics.framework */ = {isa = PBXFileReference; lastKnownFileType = wrapper.framework; name = CoreGraphics.framework; path = System/Library/Frameworks/CoreGraphics.framework; sourceTree = SDKROOT; };
		AAD6B5E1269D5B0600EAC085 /* MapKit.framework */ = {isa = PBXFileReference; lastKnownFileType = wrapper.framework; name = MapKit.framework; path = System/Library/Frameworks/MapKit.framework; sourceTree = SDKROOT; };
		AAD6B5E3269D5B1100EAC085 /* MediaPlayer.framework */ = {isa = PBXFileReference; lastKnownFileType = wrapper.framework; name = MediaPlayer.framework; path = System/Library/Frameworks/MediaPlayer.framework; sourceTree = SDKROOT; };
		AAD6B5E5269D5B2200EAC085 /* MobileCoreServices.framework */ = {isa = PBXFileReference; lastKnownFileType = wrapper.framework; name = MobileCoreServices.framework; path = System/Library/Frameworks/MobileCoreServices.framework; sourceTree = SDKROOT; };
		AAD6B5E7269D5B2C00EAC085 /* QuartzCore.framework */ = {isa = PBXFileReference; lastKnownFileType = wrapper.framework; name = QuartzCore.framework; path = System/Library/Frameworks/QuartzCore.framework; sourceTree = SDKROOT; };
		AAD6B5E9269D5B3700EAC085 /* Security.framework */ = {isa = PBXFileReference; lastKnownFileType = wrapper.framework; name = Security.framework; path = System/Library/Frameworks/Security.framework; sourceTree = SDKROOT; };
		AAD6B5EB269D5B4100EAC085 /* StoreKit.framework */ = {isa = PBXFileReference; lastKnownFileType = wrapper.framework; name = StoreKit.framework; path = System/Library/Frameworks/StoreKit.framework; sourceTree = SDKROOT; };
		AAD6B5ED269D5B4D00EAC085 /* SystemConfiguration.framework */ = {isa = PBXFileReference; lastKnownFileType = wrapper.framework; name = SystemConfiguration.framework; path = System/Library/Frameworks/SystemConfiguration.framework; sourceTree = SDKROOT; };
		AAD6B5EF269D5B5400EAC085 /* UIKit.framework */ = {isa = PBXFileReference; lastKnownFileType = wrapper.framework; name = UIKit.framework; path = System/Library/Frameworks/UIKit.framework; sourceTree = SDKROOT; };
		AAD6B5F1269D5B5B00EAC085 /* WebKit.framework */ = {isa = PBXFileReference; lastKnownFileType = wrapper.framework; name = WebKit.framework; path = System/Library/Frameworks/WebKit.framework; sourceTree = SDKROOT; };
		AAD6B5F3269D5B6400EAC085 /* libbz2.tbd */ = {isa = PBXFileReference; lastKnownFileType = "sourcecode.text-based-dylib-definition"; name = libbz2.tbd; path = usr/lib/libbz2.tbd; sourceTree = SDKROOT; };
		AAD6B5F5269D5B7900EAC085 /* libc++.tbd */ = {isa = PBXFileReference; lastKnownFileType = "sourcecode.text-based-dylib-definition"; name = "libc++.tbd"; path = "usr/lib/libc++.tbd"; sourceTree = SDKROOT; };
		AAD6B5F7269D5B8800EAC085 /* libiconv.tbd */ = {isa = PBXFileReference; lastKnownFileType = "sourcecode.text-based-dylib-definition"; name = libiconv.tbd; path = usr/lib/libiconv.tbd; sourceTree = SDKROOT; };
		AAD6B5F9269D5B8F00EAC085 /* libresolv.9.tbd */ = {isa = PBXFileReference; lastKnownFileType = "sourcecode.text-based-dylib-definition"; name = libresolv.9.tbd; path = usr/lib/libresolv.9.tbd; sourceTree = SDKROOT; };
		AAD6B5FB269D5B9800EAC085 /* libsqlite3.tbd */ = {isa = PBXFileReference; lastKnownFileType = "sourcecode.text-based-dylib-definition"; name = libsqlite3.tbd; path = usr/lib/libsqlite3.tbd; sourceTree = SDKROOT; };
		AAD6B5FD269D5BA200EAC085 /* libxml2.tbd */ = {isa = PBXFileReference; lastKnownFileType = "sourcecode.text-based-dylib-definition"; name = libxml2.tbd; path = usr/lib/libxml2.tbd; sourceTree = SDKROOT; };
		AAD6B5FF269D5BAB00EAC085 /* libz.tbd */ = {isa = PBXFileReference; lastKnownFileType = "sourcecode.text-based-dylib-definition"; name = libz.tbd; path = usr/lib/libz.tbd; sourceTree = SDKROOT; };
		AAD6B601269D5BB300EAC085 /* libc++abi.tbd */ = {isa = PBXFileReference; lastKnownFileType = "sourcecode.text-based-dylib-definition"; name = "libc++abi.tbd"; path = "usr/lib/libc++abi.tbd"; sourceTree = SDKROOT; };
		AAD6B604269D5C0500EAC085 /* Application.swift */ = {isa = PBXFileReference; lastKnownFileType = sourcecode.swift; path = Application.swift; sourceTree = "<group>"; };
		AAD6B606269D5C2A00EAC085 /* BannerAD.swift */ = {isa = PBXFileReference; lastKnownFileType = sourcecode.swift; path = BannerAD.swift; sourceTree = "<group>"; };
		AAE70843269ABADF00DA4A1C /* CityListJSON.json */ = {isa = PBXFileReference; lastKnownFileType = text.json; path = CityListJSON.json; sourceTree = "<group>"; xcLanguageSpecificationIdentifier = xcode.lang.json; };
		AAE70845269ABC7A00DA4A1C /* LoadJSONFile.swift */ = {isa = PBXFileReference; lastKnownFileType = sourcecode.swift; path = LoadJSONFile.swift; sourceTree = "<group>"; };
		AAE70847269B15CD00DA4A1C /* BackgroundView.swift */ = {isa = PBXFileReference; lastKnownFileType = sourcecode.swift; path = BackgroundView.swift; sourceTree = "<group>"; };
		AAE89C80269B6040009A73EE /* LottieView.swift */ = {isa = PBXFileReference; lastKnownFileType = sourcecode.swift; path = LottieView.swift; sourceTree = "<group>"; };
		AAE89C82269B6077009A73EE /* shower.json */ = {isa = PBXFileReference; fileEncoding = 4; lastKnownFileType = text.json; path = shower.json; sourceTree = "<group>"; };
		AAE89C84269B6078009A73EE /* 63814-gradient-dots-background.json */ = {isa = PBXFileReference; fileEncoding = 4; lastKnownFileType = text.json; path = "63814-gradient-dots-background.json"; sourceTree = "<group>"; };
		AAE89C85269B6078009A73EE /* storm.json */ = {isa = PBXFileReference; fileEncoding = 4; lastKnownFileType = text.json; path = storm.json; sourceTree = "<group>"; };
		AAE89C86269B6078009A73EE /* background.json */ = {isa = PBXFileReference; fileEncoding = 4; lastKnownFileType = text.json; path = background.json; sourceTree = "<group>"; };
		AAE89C87269B6078009A73EE /* windy.json */ = {isa = PBXFileReference; fileEncoding = 4; lastKnownFileType = text.json; path = windy.json; sourceTree = "<group>"; };
		AAE89C88269B6078009A73EE /* snow.json */ = {isa = PBXFileReference; fileEncoding = 4; lastKnownFileType = text.json; path = snow.json; sourceTree = "<group>"; };
		AAE89C89269B6078009A73EE /* sunny.json */ = {isa = PBXFileReference; fileEncoding = 4; lastKnownFileType = text.json; path = sunny.json; sourceTree = "<group>"; };
		AAE89C8A269B6078009A73EE /* cloudy.json */ = {isa = PBXFileReference; fileEncoding = 4; lastKnownFileType = text.json; path = cloudy.json; sourceTree = "<group>"; };
		AAE89C94269B6112009A73EE /* smog.json */ = {isa = PBXFileReference; fileEncoding = 4; lastKnownFileType = text.json; path = smog.json; sourceTree = "<group>"; };
		AAE89C96269B63A7009A73EE /* UINavigationBar.swift */ = {isa = PBXFileReference; lastKnownFileType = sourcecode.swift; path = UINavigationBar.swift; sourceTree = "<group>"; };
		AAE89C98269B6999009A73EE /* back.json */ = {isa = PBXFileReference; fileEncoding = 4; lastKnownFileType = text.json; path = back.json; sourceTree = "<group>"; };
		F9940EECC6054AF99EBD36DF /* libPods-iCityWeather.a */ = {isa = PBXFileReference; explicitFileType = archive.ar; includeInIndex = 0; path = "libPods-iCityWeather.a"; sourceTree = BUILT_PRODUCTS_DIR; };
		FAAC21DCF7B6002C7B28A0C3 /* Pods-iCityWeather.release.xcconfig */ = {isa = PBXFileReference; includeInIndex = 1; lastKnownFileType = text.xcconfig; name = "Pods-iCityWeather.release.xcconfig"; path = "Target Support Files/Pods-iCityWeather/Pods-iCityWeather.release.xcconfig"; sourceTree = "<group>"; };
/* End PBXFileReference section */

/* Begin PBXFrameworksBuildPhase section */
		AA96667226987942003179A4 /* Frameworks */ = {
			isa = PBXFrameworksBuildPhase;
			buildActionMask = 2147483647;
			files = (
				AAD6B602269D5BB300EAC085 /* libc++abi.tbd in Frameworks */,
				AAD6B600269D5BAB00EAC085 /* libz.tbd in Frameworks */,
				AAD6B5FE269D5BA200EAC085 /* libxml2.tbd in Frameworks */,
				AAD6B5FC269D5B9800EAC085 /* libsqlite3.tbd in Frameworks */,
				AAD6B5FA269D5B8F00EAC085 /* libresolv.9.tbd in Frameworks */,
				AAD6B5F8269D5B8800EAC085 /* libiconv.tbd in Frameworks */,
				AAD6B5F6269D5B7900EAC085 /* libc++.tbd in Frameworks */,
				AAD6B5F4269D5B6400EAC085 /* libbz2.tbd in Frameworks */,
				AAD6B5F2269D5B5B00EAC085 /* WebKit.framework in Frameworks */,
				AAD6B5F0269D5B5400EAC085 /* UIKit.framework in Frameworks */,
				AAD6B5EE269D5B4D00EAC085 /* SystemConfiguration.framework in Frameworks */,
				AAD6B5EC269D5B4100EAC085 /* StoreKit.framework in Frameworks */,
				AAD6B5EA269D5B3700EAC085 /* Security.framework in Frameworks */,
				AAD6B5E8269D5B2C00EAC085 /* QuartzCore.framework in Frameworks */,
				AAD6B5E6269D5B2200EAC085 /* MobileCoreServices.framework in Frameworks */,
				AAD6B5E4269D5B1100EAC085 /* MediaPlayer.framework in Frameworks */,
				AAD6B5E2269D5B0600EAC085 /* MapKit.framework in Frameworks */,
				AAD6B5D4269D5AC400EAC085 /* Accelerate.framework in Frameworks */,
				AAD6B5D5269D5AC400EAC085 /* CoreText.framework in Frameworks */,
				AAD6B5D6269D5AC400EAC085 /* CoreMedia.framework in Frameworks */,
				AAD6B5D7269D5AC400EAC085 /* AdSupport.framework in Frameworks */,
				AAD6B5D8269D5AC400EAC085 /* CoreTelephony.framework in Frameworks */,
				AAD6B5D9269D5AC400EAC085 /* AudioToolbox.framework in Frameworks */,
				AAD6B5DA269D5AC400EAC085 /* ImageIO.framework in Frameworks */,
				AAD6B5DB269D5AC400EAC085 /* JavaScriptCore.framework in Frameworks */,
				AAD6B5DC269D5AC400EAC085 /* AVFoundation.framework in Frameworks */,
				AAD6B5DD269D5AC400EAC085 /* CoreMotion.framework in Frameworks */,
				AAD6B5DE269D5AC400EAC085 /* CoreLocation.framework in Frameworks */,
				AAD6B5DF269D5AC400EAC085 /* CoreImage.framework in Frameworks */,
				AAD6B5E0269D5AC500EAC085 /* CoreGraphics.framework in Frameworks */,
				AA96668B26987989003179A4 /* Alamofire in Frameworks */,
				AAE89C7E269B6002009A73EE /* Lottie in Frameworks */,
				0C42CD3C89FA0E0B16863A2E /* libPods-iCityWeather.a in Frameworks */,
			);
			runOnlyForDeploymentPostprocessing = 0;
		};
/* End PBXFrameworksBuildPhase section */

/* Begin PBXGroup section */
		287505016AE8CEF5ABE32F0E /* Pods */ = {
			isa = PBXGroup;
			children = (
				3A4E5C94886ECB57FF85FC17 /* Pods-iCityWeather.debug.xcconfig */,
				FAAC21DCF7B6002C7B28A0C3 /* Pods-iCityWeather.release.xcconfig */,
			);
			path = Pods;
			sourceTree = "<group>";
		};
		AA1D3DF7269B6F61001D820E /* JSON File */ = {
			isa = PBXGroup;
			children = (
				AAE89C98269B6999009A73EE /* back.json */,
				AAE89C86269B6078009A73EE /* background.json */,
				AAE89C94269B6112009A73EE /* smog.json */,
				AAE89C88269B6078009A73EE /* snow.json */,
				AAE89C8A269B6078009A73EE /* cloudy.json */,
				AAE89C82269B6077009A73EE /* shower.json */,
				AAE89C85269B6078009A73EE /* storm.json */,
				AAE89C89269B6078009A73EE /* sunny.json */,
				AAE89C87269B6078009A73EE /* windy.json */,
				AAE89C84269B6078009A73EE /* 63814-gradient-dots-background.json */,
			);
			path = "JSON File";
			sourceTree = "<group>";
		};
		AA2C60112699AD3B00B172A6 /* extension */ = {
			isa = PBXGroup;
			children = (
				AA2C60122699AD5A00B172A6 /* view.swift */,
				AAE89C96269B63A7009A73EE /* UINavigationBar.swift */,
			);
			path = extension;
			sourceTree = "<group>";
		};
		AA96666C26987942003179A4 = {
			isa = PBXGroup;
			children = (
				AA96667726987942003179A4 /* iCityWeather */,
				AA96667626987942003179A4 /* Products */,
				287505016AE8CEF5ABE32F0E /* Pods */,
				AD5CC5D9FC134D0944450372 /* Frameworks */,
			);
			sourceTree = "<group>";
		};
		AA96667626987942003179A4 /* Products */ = {
			isa = PBXGroup;
			children = (
				AA96667526987942003179A4 /* iCityWeather.app */,
			);
			name = Products;
			sourceTree = "<group>";
		};
		AA96667726987942003179A4 /* iCityWeather */ = {
			isa = PBXGroup;
			children = (
				AAD6B603269D5BF000EAC085 /* Delegate */,
				AA2C60112699AD3B00B172A6 /* extension */,
				AA966690269879CF003179A4 /* View */,
				AA96668826987957003179A4 /* Data Model */,
				AA96668726987950003179A4 /* View Model */,
				AA96667826987942003179A4 /* iCityWeatherApp.swift */,
				AA96667A26987942003179A4 /* ContentView.swift */,
				AA96667C26987945003179A4 /* Assets.xcassets */,
				AA96668126987945003179A4 /* Info.plist */,
				AA96667E26987945003179A4 /* Preview Content */,
				AAE70843269ABADF00DA4A1C /* CityListJSON.json */,
			);
			path = iCityWeather;
			sourceTree = "<group>";
		};
		AA96667E26987945003179A4 /* Preview Content */ = {
			isa = PBXGroup;
			children = (
				AA96667F26987945003179A4 /* Preview Assets.xcassets */,
			);
			path = "Preview Content";
			sourceTree = "<group>";
		};
		AA96668726987950003179A4 /* View Model */ = {
			isa = PBXGroup;
			children = (
				AA96668C2698799E003179A4 /* CityListViewModel.swift */,
				AA96669326988554003179A4 /* WeatherViewModel.swift */,
				AA2C5FEF269979CB00B172A6 /* LocationManager.swift */,
				AA2C60222699DB4000B172A6 /* DataService.swift */,
				AAE70845269ABC7A00DA4A1C /* LoadJSONFile.swift */,
			);
			path = "View Model";
			sourceTree = "<group>";
		};
		AA96668826987957003179A4 /* Data Model */ = {
			isa = PBXGroup;
			children = (
				AA96668E269879A8003179A4 /* CityListModel.swift */,
				AA2C601C2699C87900B172A6 /* WeatherCityDataModel.swift */,
				AA2C601E2699C89C00B172A6 /* WeatherLocationDataModel.swift */,
				AA2C60202699C99E00B172A6 /* CombineDataModel.swift */,
			);
			path = "Data Model";
			sourceTree = "<group>";
		};
		AA966690269879CF003179A4 /* View */ = {
			isa = PBXGroup;
			children = (
				AAE89C7F269B6031009A73EE /* Lottie */,
				AA966691269879E0003179A4 /* CityListView.swift */,
				AA966695269886A9003179A4 /* WeatherView.swift */,
				AA2C600E269986E600B172A6 /* TestView.swift */,
				AA2C60242699EB1500B172A6 /* MultiPicker.swift */,
				AAE70847269B15CD00DA4A1C /* BackgroundView.swift */,
			);
			path = View;
			sourceTree = "<group>";
		};
		AAD6B603269D5BF000EAC085 /* Delegate */ = {
			isa = PBXGroup;
			children = (
				AAD6B604269D5C0500EAC085 /* Application.swift */,
				AAD6B606269D5C2A00EAC085 /* BannerAD.swift */,
			);
			path = Delegate;
			sourceTree = "<group>";
		};
		AAE89C7F269B6031009A73EE /* Lottie */ = {
			isa = PBXGroup;
			children = (
				AA1D3DF7269B6F61001D820E /* JSON File */,
				AAE89C80269B6040009A73EE /* LottieView.swift */,
			);
			path = Lottie;
			sourceTree = "<group>";
		};
		AD5CC5D9FC134D0944450372 /* Frameworks */ = {
			isa = PBXGroup;
			children = (
				AAD6B601269D5BB300EAC085 /* libc++abi.tbd */,
				AAD6B5FF269D5BAB00EAC085 /* libz.tbd */,
				AAD6B5FD269D5BA200EAC085 /* libxml2.tbd */,
				AAD6B5FB269D5B9800EAC085 /* libsqlite3.tbd */,
				AAD6B5F9269D5B8F00EAC085 /* libresolv.9.tbd */,
				AAD6B5F7269D5B8800EAC085 /* libiconv.tbd */,
				AAD6B5F5269D5B7900EAC085 /* libc++.tbd */,
				AAD6B5F3269D5B6400EAC085 /* libbz2.tbd */,
				AAD6B5F1269D5B5B00EAC085 /* WebKit.framework */,
				AAD6B5EF269D5B5400EAC085 /* UIKit.framework */,
				AAD6B5ED269D5B4D00EAC085 /* SystemConfiguration.framework */,
				AAD6B5EB269D5B4100EAC085 /* StoreKit.framework */,
				AAD6B5E9269D5B3700EAC085 /* Security.framework */,
				AAD6B5E7269D5B2C00EAC085 /* QuartzCore.framework */,
				AAD6B5E5269D5B2200EAC085 /* MobileCoreServices.framework */,
				AAD6B5E3269D5B1100EAC085 /* MediaPlayer.framework */,
				AAD6B5E1269D5B0600EAC085 /* MapKit.framework */,
				AAD6B5C7269D5AC400EAC085 /* Accelerate.framework */,
				AAD6B5CA269D5AC400EAC085 /* AdSupport.framework */,
				AAD6B5CC269D5AC400EAC085 /* AudioToolbox.framework */,
				AAD6B5CF269D5AC400EAC085 /* AVFoundation.framework */,
				AAD6B5D3269D5AC400EAC085 /* CoreGraphics.framework */,
				AAD6B5D2269D5AC400EAC085 /* CoreImage.framework */,
				AAD6B5D1269D5AC400EAC085 /* CoreLocation.framework */,
				AAD6B5C9269D5AC400EAC085 /* CoreMedia.framework */,
				AAD6B5D0269D5AC400EAC085 /* CoreMotion.framework */,
				AAD6B5CB269D5AC400EAC085 /* CoreTelephony.framework */,
				AAD6B5C8269D5AC400EAC085 /* CoreText.framework */,
				AAD6B5CD269D5AC400EAC085 /* ImageIO.framework */,
				AAD6B5CE269D5AC400EAC085 /* JavaScriptCore.framework */,
				F9940EECC6054AF99EBD36DF /* libPods-iCityWeather.a */,
			);
			name = Frameworks;
			sourceTree = "<group>";
		};
/* End PBXGroup section */

/* Begin PBXNativeTarget section */
		AA96667426987942003179A4 /* iCityWeather */ = {
			isa = PBXNativeTarget;
			buildConfigurationList = AA96668426987945003179A4 /* Build configuration list for PBXNativeTarget "iCityWeather" */;
			buildPhases = (
				810A8F6EE648CD641572B83E /* [CP] Check Pods Manifest.lock */,
				AA96667126987942003179A4 /* Sources */,
				AA96667226987942003179A4 /* Frameworks */,
				AA96667326987942003179A4 /* Resources */,
				1D7AB01BFC65709DDA5E2246 /* [CP] Copy Pods Resources */,
			);
			buildRules = (
			);
			dependencies = (
			);
			name = iCityWeather;
			packageProductDependencies = (
				AA96668A26987989003179A4 /* Alamofire */,
				AAE89C7D269B6002009A73EE /* Lottie */,
			);
			productName = iCityWeather;
			productReference = AA96667526987942003179A4 /* iCityWeather.app */;
			productType = "com.apple.product-type.application";
		};
/* End PBXNativeTarget section */

/* Begin PBXProject section */
		AA96666D26987942003179A4 /* Project object */ = {
			isa = PBXProject;
			attributes = {
				LastSwiftUpdateCheck = 1250;
				LastUpgradeCheck = 1250;
				TargetAttributes = {
					AA96667426987942003179A4 = {
						CreatedOnToolsVersion = 12.5.1;
					};
				};
			};
			buildConfigurationList = AA96667026987942003179A4 /* Build configuration list for PBXProject "iCityWeather" */;
			compatibilityVersion = "Xcode 9.3";
			developmentRegion = en;
			hasScannedForEncodings = 0;
			knownRegions = (
				en,
				Base,
				"zh-Hans",
			);
			mainGroup = AA96666C26987942003179A4;
			packageReferences = (
				AA96668926987989003179A4 /* XCRemoteSwiftPackageReference "Alamofire" */,
				AAE89C7C269B6002009A73EE /* XCRemoteSwiftPackageReference "lottie-ios" */,
			);
			productRefGroup = AA96667626987942003179A4 /* Products */;
			projectDirPath = "";
			projectRoot = "";
			targets = (
				AA96667426987942003179A4 /* iCityWeather */,
			);
		};
/* End PBXProject section */

/* Begin PBXResourcesBuildPhase section */
		AA96667326987942003179A4 /* Resources */ = {
			isa = PBXResourcesBuildPhase;
			buildActionMask = 2147483647;
			files = (
				AAE89C8D269B6078009A73EE /* 63814-gradient-dots-background.json in Resources */,
				AAE89C90269B6078009A73EE /* windy.json in Resources */,
				AAE70844269ABAE000DA4A1C /* CityListJSON.json in Resources */,
				AAE89C8E269B6078009A73EE /* storm.json in Resources */,
				AAE89C92269B6078009A73EE /* sunny.json in Resources */,
				AA96668026987945003179A4 /* Preview Assets.xcassets in Resources */,
				AAE89C8F269B6078009A73EE /* background.json in Resources */,
				AAE89C99269B6999009A73EE /* back.json in Resources */,
				AAE89C95269B6112009A73EE /* smog.json in Resources */,
				AAE89C91269B6078009A73EE /* snow.json in Resources */,
				AA96667D26987945003179A4 /* Assets.xcassets in Resources */,
				AAE89C93269B6078009A73EE /* cloudy.json in Resources */,
				AAE89C8B269B6078009A73EE /* shower.json in Resources */,
			);
			runOnlyForDeploymentPostprocessing = 0;
		};
/* End PBXResourcesBuildPhase section */

/* Begin PBXShellScriptBuildPhase section */
		1D7AB01BFC65709DDA5E2246 /* [CP] Copy Pods Resources */ = {
			isa = PBXShellScriptBuildPhase;
			buildActionMask = 2147483647;
			files = (
			);
			inputFileListPaths = (
				"${PODS_ROOT}/Target Support Files/Pods-iCityWeather/Pods-iCityWeather-resources-${CONFIGURATION}-input-files.xcfilelist",
			);
			name = "[CP] Copy Pods Resources";
			outputFileListPaths = (
				"${PODS_ROOT}/Target Support Files/Pods-iCityWeather/Pods-iCityWeather-resources-${CONFIGURATION}-output-files.xcfilelist",
			);
			runOnlyForDeploymentPostprocessing = 0;
			shellPath = /bin/sh;
			shellScript = "\"${PODS_ROOT}/Target Support Files/Pods-iCityWeather/Pods-iCityWeather-resources.sh\"\n";
			showEnvVarsInLog = 0;
		};
		810A8F6EE648CD641572B83E /* [CP] Check Pods Manifest.lock */ = {
			isa = PBXShellScriptBuildPhase;
			buildActionMask = 2147483647;
			files = (
			);
			inputFileListPaths = (
			);
			inputPaths = (
				"${PODS_PODFILE_DIR_PATH}/Podfile.lock",
				"${PODS_ROOT}/Manifest.lock",
			);
			name = "[CP] Check Pods Manifest.lock";
			outputFileListPaths = (
			);
			outputPaths = (
				"$(DERIVED_FILE_DIR)/Pods-iCityWeather-checkManifestLockResult.txt",
			);
			runOnlyForDeploymentPostprocessing = 0;
			shellPath = /bin/sh;
			shellScript = "diff \"${PODS_PODFILE_DIR_PATH}/Podfile.lock\" \"${PODS_ROOT}/Manifest.lock\" > /dev/null\nif [ $? != 0 ] ; then\n    # print error to STDERR\n    echo \"error: The sandbox is not in sync with the Podfile.lock. Run 'pod install' or update your CocoaPods installation.\" >&2\n    exit 1\nfi\n# This output is used by Xcode 'outputs' to avoid re-running this script phase.\necho \"SUCCESS\" > \"${SCRIPT_OUTPUT_FILE_0}\"\n";
			showEnvVarsInLog = 0;
		};
/* End PBXShellScriptBuildPhase section */

/* Begin PBXSourcesBuildPhase section */
		AA96667126987942003179A4 /* Sources */ = {
			isa = PBXSourcesBuildPhase;
			buildActionMask = 2147483647;
			files = (
				AAD6B605269D5C0500EAC085 /* Application.swift in Sources */,
				AA2C60212699C99E00B172A6 /* CombineDataModel.swift in Sources */,
				AA2C60232699DB4000B172A6 /* DataService.swift in Sources */,
				AA96668D2698799E003179A4 /* CityListViewModel.swift in Sources */,
				AA96669426988554003179A4 /* WeatherViewModel.swift in Sources */,
				AA966692269879E0003179A4 /* CityListView.swift in Sources */,
				AA96667B26987942003179A4 /* ContentView.swift in Sources */,
				AAD6B607269D5C2A00EAC085 /* BannerAD.swift in Sources */,
				AA2C601D2699C87900B172A6 /* WeatherCityDataModel.swift in Sources */,
				AAE70848269B15CD00DA4A1C /* BackgroundView.swift in Sources */,
				AAE70846269ABC7A00DA4A1C /* LoadJSONFile.swift in Sources */,
				AA2C5FF0269979CB00B172A6 /* LocationManager.swift in Sources */,
				AA96667926987942003179A4 /* iCityWeatherApp.swift in Sources */,
				AAE89C81269B6040009A73EE /* LottieView.swift in Sources */,
				AA2C600F269986E600B172A6 /* TestView.swift in Sources */,
				AAE89C97269B63A7009A73EE /* UINavigationBar.swift in Sources */,
				AA966696269886A9003179A4 /* WeatherView.swift in Sources */,
				AA2C601F2699C89C00B172A6 /* WeatherLocationDataModel.swift in Sources */,
				AA2C60132699AD5A00B172A6 /* view.swift in Sources */,
				AA2C60252699EB1500B172A6 /* MultiPicker.swift in Sources */,
				AA96668F269879A8003179A4 /* CityListModel.swift in Sources */,
			);
			runOnlyForDeploymentPostprocessing = 0;
		};
/* End PBXSourcesBuildPhase section */

/* Begin XCBuildConfiguration section */
		AA96668226987945003179A4 /* Debug */ = {
			isa = XCBuildConfiguration;
			buildSettings = {
				ALWAYS_SEARCH_USER_PATHS = NO;
				CLANG_ANALYZER_NONNULL = YES;
				CLANG_ANALYZER_NUMBER_OBJECT_CONVERSION = YES_AGGRESSIVE;
				CLANG_CXX_LANGUAGE_STANDARD = "gnu++14";
				CLANG_CXX_LIBRARY = "libc++";
				CLANG_ENABLE_MODULES = YES;
				CLANG_ENABLE_OBJC_ARC = YES;
				CLANG_ENABLE_OBJC_WEAK = YES;
				CLANG_WARN_BLOCK_CAPTURE_AUTORELEASING = YES;
				CLANG_WARN_BOOL_CONVERSION = YES;
				CLANG_WARN_COMMA = YES;
				CLANG_WARN_CONSTANT_CONVERSION = YES;
				CLANG_WARN_DEPRECATED_OBJC_IMPLEMENTATIONS = YES;
				CLANG_WARN_DIRECT_OBJC_ISA_USAGE = YES_ERROR;
				CLANG_WARN_DOCUMENTATION_COMMENTS = YES;
				CLANG_WARN_EMPTY_BODY = YES;
				CLANG_WARN_ENUM_CONVERSION = YES;
				CLANG_WARN_INFINITE_RECURSION = YES;
				CLANG_WARN_INT_CONVERSION = YES;
				CLANG_WARN_NON_LITERAL_NULL_CONVERSION = YES;
				CLANG_WARN_OBJC_IMPLICIT_RETAIN_SELF = YES;
				CLANG_WARN_OBJC_LITERAL_CONVERSION = YES;
				CLANG_WARN_OBJC_ROOT_CLASS = YES_ERROR;
				CLANG_WARN_QUOTED_INCLUDE_IN_FRAMEWORK_HEADER = YES;
				CLANG_WARN_RANGE_LOOP_ANALYSIS = YES;
				CLANG_WARN_STRICT_PROTOTYPES = YES;
				CLANG_WARN_SUSPICIOUS_MOVE = YES;
				CLANG_WARN_UNGUARDED_AVAILABILITY = YES_AGGRESSIVE;
				CLANG_WARN_UNREACHABLE_CODE = YES;
				CLANG_WARN__DUPLICATE_METHOD_MATCH = YES;
				COPY_PHASE_STRIP = NO;
				DEBUG_INFORMATION_FORMAT = dwarf;
				ENABLE_STRICT_OBJC_MSGSEND = YES;
				ENABLE_TESTABILITY = YES;
				GCC_C_LANGUAGE_STANDARD = gnu11;
				GCC_DYNAMIC_NO_PIC = NO;
				GCC_NO_COMMON_BLOCKS = YES;
				GCC_OPTIMIZATION_LEVEL = 0;
				GCC_PREPROCESSOR_DEFINITIONS = (
					"DEBUG=1",
					"$(inherited)",
				);
				GCC_WARN_64_TO_32_BIT_CONVERSION = YES;
				GCC_WARN_ABOUT_RETURN_TYPE = YES_ERROR;
				GCC_WARN_UNDECLARED_SELECTOR = YES;
				GCC_WARN_UNINITIALIZED_AUTOS = YES_AGGRESSIVE;
				GCC_WARN_UNUSED_FUNCTION = YES;
				GCC_WARN_UNUSED_VARIABLE = YES;
				IPHONEOS_DEPLOYMENT_TARGET = 14.5;
				MTL_ENABLE_DEBUG_INFO = INCLUDE_SOURCE;
				MTL_FAST_MATH = YES;
				ONLY_ACTIVE_ARCH = YES;
				SDKROOT = iphoneos;
				SWIFT_ACTIVE_COMPILATION_CONDITIONS = DEBUG;
				SWIFT_OPTIMIZATION_LEVEL = "-Onone";
			};
			name = Debug;
		};
		AA96668326987945003179A4 /* Release */ = {
			isa = XCBuildConfiguration;
			buildSettings = {
				ALWAYS_SEARCH_USER_PATHS = NO;
				CLANG_ANALYZER_NONNULL = YES;
				CLANG_ANALYZER_NUMBER_OBJECT_CONVERSION = YES_AGGRESSIVE;
				CLANG_CXX_LANGUAGE_STANDARD = "gnu++14";
				CLANG_CXX_LIBRARY = "libc++";
				CLANG_ENABLE_MODULES = YES;
				CLANG_ENABLE_OBJC_ARC = YES;
				CLANG_ENABLE_OBJC_WEAK = YES;
				CLANG_WARN_BLOCK_CAPTURE_AUTORELEASING = YES;
				CLANG_WARN_BOOL_CONVERSION = YES;
				CLANG_WARN_COMMA = YES;
				CLANG_WARN_CONSTANT_CONVERSION = YES;
				CLANG_WARN_DEPRECATED_OBJC_IMPLEMENTATIONS = YES;
				CLANG_WARN_DIRECT_OBJC_ISA_USAGE = YES_ERROR;
				CLANG_WARN_DOCUMENTATION_COMMENTS = YES;
				CLANG_WARN_EMPTY_BODY = YES;
				CLANG_WARN_ENUM_CONVERSION = YES;
				CLANG_WARN_INFINITE_RECURSION = YES;
				CLANG_WARN_INT_CONVERSION = YES;
				CLANG_WARN_NON_LITERAL_NULL_CONVERSION = YES;
				CLANG_WARN_OBJC_IMPLICIT_RETAIN_SELF = YES;
				CLANG_WARN_OBJC_LITERAL_CONVERSION = YES;
				CLANG_WARN_OBJC_ROOT_CLASS = YES_ERROR;
				CLANG_WARN_QUOTED_INCLUDE_IN_FRAMEWORK_HEADER = YES;
				CLANG_WARN_RANGE_LOOP_ANALYSIS = YES;
				CLANG_WARN_STRICT_PROTOTYPES = YES;
				CLANG_WARN_SUSPICIOUS_MOVE = YES;
				CLANG_WARN_UNGUARDED_AVAILABILITY = YES_AGGRESSIVE;
				CLANG_WARN_UNREACHABLE_CODE = YES;
				CLANG_WARN__DUPLICATE_METHOD_MATCH = YES;
				COPY_PHASE_STRIP = NO;
				DEBUG_INFORMATION_FORMAT = "dwarf-with-dsym";
				ENABLE_NS_ASSERTIONS = NO;
				ENABLE_STRICT_OBJC_MSGSEND = YES;
				GCC_C_LANGUAGE_STANDARD = gnu11;
				GCC_NO_COMMON_BLOCKS = YES;
				GCC_WARN_64_TO_32_BIT_CONVERSION = YES;
				GCC_WARN_ABOUT_RETURN_TYPE = YES_ERROR;
				GCC_WARN_UNDECLARED_SELECTOR = YES;
				GCC_WARN_UNINITIALIZED_AUTOS = YES_AGGRESSIVE;
				GCC_WARN_UNUSED_FUNCTION = YES;
				GCC_WARN_UNUSED_VARIABLE = YES;
				IPHONEOS_DEPLOYMENT_TARGET = 14.5;
				MTL_ENABLE_DEBUG_INFO = NO;
				MTL_FAST_MATH = YES;
				SDKROOT = iphoneos;
				SWIFT_COMPILATION_MODE = wholemodule;
				SWIFT_OPTIMIZATION_LEVEL = "-O";
				VALIDATE_PRODUCT = YES;
			};
			name = Release;
		};
		AA96668526987945003179A4 /* Debug */ = {
			isa = XCBuildConfiguration;
			baseConfigurationReference = 3A4E5C94886ECB57FF85FC17 /* Pods-iCityWeather.debug.xcconfig */;
			buildSettings = {
				ASSETCATALOG_COMPILER_APPICON_NAME = AppIcon;
				ASSETCATALOG_COMPILER_GLOBAL_ACCENT_COLOR_NAME = AccentColor;
				CODE_SIGN_STYLE = Automatic;
				DEVELOPMENT_ASSET_PATHS = "\"iCityWeather/Preview Content\"";
				DEVELOPMENT_TEAM = LHAYGSB5VA;
				ENABLE_PREVIEWS = YES;
				INFOPLIST_FILE = iCityWeather/Info.plist;
				IPHONEOS_DEPLOYMENT_TARGET = 14.0;
				LD_RUNPATH_SEARCH_PATHS = (
					"$(inherited)",
					"@executable_path/Frameworks",
				);
				OTHER_LDFLAGS = (
					"$(inherited)",
					"-ObjC",
					"-l\"bz2\"",
					"-l\"c++\"",
					"-l\"c++abi\"",
					"-l\"iconv\"",
					"-l\"resolv\"",
					"-l\"sqlite3\"",
					"-l\"xml2\"",
					"-l\"z\"",
					"-framework",
					"\"AVFoundation\"",
					"-framework",
					"\"Accelerate\"",
					"-framework",
					"\"AdSupport\"",
					"-framework",
					"\"AudioToolbox\"",
					"-framework",
					"\"BUAdSDK\"",
					"-framework",
					"\"BUCNAuxiliary\"",
					"-framework",
					"\"BUFoundation\"",
					"-framework",
					"\"CoreGraphics\"",
					"-framework",
					"\"CoreImage\"",
					"-framework",
					"\"CoreLocation\"",
					"-framework",
					"\"CoreMedia\"",
					"-framework",
					"\"CoreMotion\"",
					"-framework",
					"\"CoreTelephony\"",
					"-framework",
					"\"CoreText\"",
					"-framework",
					"\"ImageIO\"",
					"-framework",
					"\"JavaScriptCore\"",
					"-framework",
					"\"MapKit\"",
					"-framework",
					"\"MediaPlayer\"",
					"-framework",
					"\"MobileCoreServices\"",
					"-framework",
					"\"QuartzCore\"",
					"-framework",
					"\"Security\"",
					"-framework",
					"\"StoreKit\"",
					"-framework",
					"\"SystemConfiguration\"",
					"-framework",
					"\"UIKit\"",
					"-framework",
					"\"WebKit\"",
					"-all_load",
				);
				PRODUCT_BUNDLE_IDENTIFIER = com.chr1s78.iCityWeather;
				PRODUCT_NAME = "$(TARGET_NAME)";
				SWIFT_VERSION = 5.0;
				TARGETED_DEVICE_FAMILY = 1;
			};
			name = Debug;
		};
		AA96668626987945003179A4 /* Release */ = {
			isa = XCBuildConfiguration;
			baseConfigurationReference = FAAC21DCF7B6002C7B28A0C3 /* Pods-iCityWeather.release.xcconfig */;
			buildSettings = {
				ASSETCATALOG_COMPILER_APPICON_NAME = AppIcon;
				ASSETCATALOG_COMPILER_GLOBAL_ACCENT_COLOR_NAME = AccentColor;
				CODE_SIGN_STYLE = Automatic;
				DEVELOPMENT_ASSET_PATHS = "\"iCityWeather/Preview Content\"";
				DEVELOPMENT_TEAM = LHAYGSB5VA;
				ENABLE_PREVIEWS = YES;
				INFOPLIST_FILE = iCityWeather/Info.plist;
				IPHONEOS_DEPLOYMENT_TARGET = 14.0;
				LD_RUNPATH_SEARCH_PATHS = (
					"$(inherited)",
					"@executable_path/Frameworks",
				);
				OTHER_LDFLAGS = (
					"$(inherited)",
					"-ObjC",
					"-l\"bz2\"",
					"-l\"c++\"",
					"-l\"c++abi\"",
					"-l\"iconv\"",
					"-l\"resolv\"",
					"-l\"sqlite3\"",
					"-l\"xml2\"",
					"-l\"z\"",
					"-framework",
					"\"AVFoundation\"",
					"-framework",
					"\"Accelerate\"",
					"-framework",
					"\"AdSupport\"",
					"-framework",
					"\"AudioToolbox\"",
					"-framework",
					"\"BUAdSDK\"",
					"-framework",
					"\"BUCNAuxiliary\"",
					"-framework",
					"\"BUFoundation\"",
					"-framework",
					"\"CoreGraphics\"",
					"-framework",
					"\"CoreImage\"",
					"-framework",
					"\"CoreLocation\"",
					"-framework",
					"\"CoreMedia\"",
					"-framework",
					"\"CoreMotion\"",
					"-framework",
					"\"CoreTelephony\"",
					"-framework",
					"\"CoreText\"",
					"-framework",
					"\"ImageIO\"",
					"-framework",
					"\"JavaScriptCore\"",
					"-framework",
					"\"MapKit\"",
					"-framework",
					"\"MediaPlayer\"",
					"-framework",
					"\"MobileCoreServices\"",
					"-framework",
					"\"QuartzCore\"",
					"-framework",
					"\"Security\"",
					"-framework",
					"\"StoreKit\"",
					"-framework",
					"\"SystemConfiguration\"",
					"-framework",
					"\"UIKit\"",
					"-framework",
					"\"WebKit\"",
					"-all_load",
				);
				PRODUCT_BUNDLE_IDENTIFIER = com.chr1s78.iCityWeather;
				PRODUCT_NAME = "$(TARGET_NAME)";
				SWIFT_VERSION = 5.0;
				TARGETED_DEVICE_FAMILY = 1;
			};
			name = Release;
		};
/* End XCBuildConfiguration section */

/* Begin XCConfigurationList section */
		AA96667026987942003179A4 /* Build configuration list for PBXProject "iCityWeather" */ = {
			isa = XCConfigurationList;
			buildConfigurations = (
				AA96668226987945003179A4 /* Debug */,
				AA96668326987945003179A4 /* Release */,
			);
			defaultConfigurationIsVisible = 0;
			defaultConfigurationName = Release;
		};
		AA96668426987945003179A4 /* Build configuration list for PBXNativeTarget "iCityWeather" */ = {
			isa = XCConfigurationList;
			buildConfigurations = (
				AA96668526987945003179A4 /* Debug */,
				AA96668626987945003179A4 /* Release */,
			);
			defaultConfigurationIsVisible = 0;
			defaultConfigurationName = Release;
		};
/* End XCConfigurationList section */

/* Begin XCRemoteSwiftPackageReference section */
		AA96668926987989003179A4 /* XCRemoteSwiftPackageReference "Alamofire" */ = {
			isa = XCRemoteSwiftPackageReference;
			repositoryURL = "https://gitee.com/chr1s78/Alamofire.git";
			requirement = {
				kind = upToNextMajorVersion;
				minimumVersion = 5.4.3;
			};
		};
		AAE89C7C269B6002009A73EE /* XCRemoteSwiftPackageReference "lottie-ios" */ = {
			isa = XCRemoteSwiftPackageReference;
			repositoryURL = "https://gitee.com/chr1s78/lottie-ios.git";
			requirement = {
				kind = upToNextMajorVersion;
				minimumVersion = 3.2.3;
			};
		};
/* End XCRemoteSwiftPackageReference section */

/* Begin XCSwiftPackageProductDependency section */
		AA96668A26987989003179A4 /* Alamofire */ = {
			isa = XCSwiftPackageProductDependency;
			package = AA96668926987989003179A4 /* XCRemoteSwiftPackageReference "Alamofire" */;
			productName = Alamofire;
		};
		AAE89C7D269B6002009A73EE /* Lottie */ = {
			isa = XCSwiftPackageProductDependency;
			package = AAE89C7C269B6002009A73EE /* XCRemoteSwiftPackageReference "lottie-ios" */;
			productName = Lottie;
		};
/* End XCSwiftPackageProductDependency section */
	};
	rootObject = AA96666D26987942003179A4 /* Project object */;
}
